// !$*UTF8*$!
{
	archiveVersion = 1;
	classes = {
	};
	objectVersion = 56;
	objects = {

/* Begin PBXBuildFile section */
		5FB1FA2B296F2ABD001591BD /* Earthquakes_ryApp.swift in Sources */ = {isa = PBXBuildFile; fileRef = 5FB1FA2A296F2ABD001591BD /* Earthquakes_ryApp.swift */; };
		5FB1FA2D296F2ABD001591BD /* ContentView.swift in Sources */ = {isa = PBXBuildFile; fileRef = 5FB1FA2C296F2ABD001591BD /* ContentView.swift */; };
		5FB1FA2F296F2ABE001591BD /* Assets.xcassets in Resources */ = {isa = PBXBuildFile; fileRef = 5FB1FA2E296F2ABE001591BD /* Assets.xcassets */; };
		5FB1FA32296F2ABE001591BD /* Preview Assets.xcassets in Resources */ = {isa = PBXBuildFile; fileRef = 5FB1FA31296F2ABE001591BD /* Preview Assets.xcassets */; };
		5FB1FA39296F2CDD001591BD /* Earthquake.swift in Sources */ = {isa = PBXBuildFile; fileRef = 5FB1FA38296F2CDD001591BD /* Earthquake.swift */; };
		5FB1FA3B296F3174001591BD /* EarthquakeModel.swift in Sources */ = {isa = PBXBuildFile; fileRef = 5FB1FA3A296F3174001591BD /* EarthquakeModel.swift */; };
		5FBAD6A92971C1B200FE4430 /* EarthquakeList.swift in Sources */ = {isa = PBXBuildFile; fileRef = 5FBAD6A82971C1B200FE4430 /* EarthquakeList.swift */; };
		5FBAD6AB2971C7B500FE4430 /* EarthquakeMap.swift in Sources */ = {isa = PBXBuildFile; fileRef = 5FBAD6AA2971C7B500FE4430 /* EarthquakeMap.swift */; };
/* End PBXBuildFile section */

/* Begin PBXFileReference section */
		5FB1FA27296F2ABD001591BD /* Earthquakes-ry.app */ = {isa = PBXFileReference; explicitFileType = wrapper.application; includeInIndex = 0; path = "Earthquakes-ry.app"; sourceTree = BUILT_PRODUCTS_DIR; };
		5FB1FA2A296F2ABD001591BD /* Earthquakes_ryApp.swift */ = {isa = PBXFileReference; lastKnownFileType = sourcecode.swift; path = Earthquakes_ryApp.swift; sourceTree = "<group>"; };
		5FB1FA2C296F2ABD001591BD /* ContentView.swift */ = {isa = PBXFileReference; lastKnownFileType = sourcecode.swift; path = ContentView.swift; sourceTree = "<group>"; };
		5FB1FA2E296F2ABE001591BD /* Assets.xcassets */ = {isa = PBXFileReference; lastKnownFileType = folder.assetcatalog; path = Assets.xcassets; sourceTree = "<group>"; };
		5FB1FA31296F2ABE001591BD /* Preview Assets.xcassets */ = {isa = PBXFileReference; lastKnownFileType = folder.assetcatalog; path = "Preview Assets.xcassets"; sourceTree = "<group>"; };
		5FB1FA38296F2CDD001591BD /* Earthquake.swift */ = {isa = PBXFileReference; lastKnownFileType = sourcecode.swift; path = Earthquake.swift; sourceTree = "<group>"; };
		5FB1FA3A296F3174001591BD /* EarthquakeModel.swift */ = {isa = PBXFileReference; lastKnownFileType = sourcecode.swift; path = EarthquakeModel.swift; sourceTree = "<group>"; };
		5FBAD6A82971C1B200FE4430 /* EarthquakeList.swift */ = {isa = PBXFileReference; lastKnownFileType = sourcecode.swift; path = EarthquakeList.swift; sourceTree = "<group>"; };
		5FBAD6AA2971C7B500FE4430 /* EarthquakeMap.swift */ = {isa = PBXFileReference; lastKnownFileType = sourcecode.swift; path = EarthquakeMap.swift; sourceTree = "<group>"; };
/* End PBXFileReference section */

/* Begin PBXFrameworksBuildPhase section */
		5FB1FA24296F2ABD001591BD /* Frameworks */ = {
			isa = PBXFrameworksBuildPhase;
			buildActionMask = 2147483647;
			files = (
			);
			runOnlyForDeploymentPostprocessing = 0;
		};
/* End PBXFrameworksBuildPhase section */

/* Begin PBXGroup section */
		5FB1FA1E296F2ABD001591BD = {
			isa = PBXGroup;
			children = (
				5FB1FA29296F2ABD001591BD /* Earthquakes-ry */,
				5FB1FA28296F2ABD001591BD /* Products */,
			);
			sourceTree = "<group>";
		};
		5FB1FA28296F2ABD001591BD /* Products */ = {
			isa = PBXGroup;
			children = (
				5FB1FA27296F2ABD001591BD /* Earthquakes-ry.app */,
			);
			name = Products;
			sourceTree = "<group>";
		};
		5FB1FA29296F2ABD001591BD /* Earthquakes-ry */ = {
			isa = PBXGroup;
			children = (
				5FB1FA2A296F2ABD001591BD /* Earthquakes_ryApp.swift */,
				5FBAD6A82971C1B200FE4430 /* EarthquakeList.swift */,
				5FB1FA2C296F2ABD001591BD /* ContentView.swift */,
				5FB1FA38296F2CDD001591BD /* Earthquake.swift */,
				5FB1FA3A296F3174001591BD /* EarthquakeModel.swift */,
				5FBAD6AA2971C7B500FE4430 /* EarthquakeMap.swift */,
				5FB1FA2E296F2ABE001591BD /* Assets.xcassets */,
				5FB1FA30296F2ABE001591BD /* Preview Content */,
			);
			path = "Earthquakes-ry";
			sourceTree = "<group>";
		};
		5FB1FA30296F2ABE001591BD /* Preview Content */ = {
			isa = PBXGroup;
			children = (
				5FB1FA31296F2ABE001591BD /* Preview Assets.xcassets */,
			);
			path = "Preview Content";
			sourceTree = "<group>";
		};
/* End PBXGroup section */

/* Begin PBXNativeTarget section */
		5FB1FA26296F2ABD001591BD /* Earthquakes-ry */ = {
			isa = PBXNativeTarget;
			buildConfigurationList = 5FB1FA35296F2ABE001591BD /* Build configuration list for PBXNativeTarget "Earthquakes-ry" */;
			buildPhases = (
				5FB1FA23296F2ABD001591BD /* Sources */,
				5FB1FA24296F2ABD001591BD /* Frameworks */,
				5FB1FA25296F2ABD001591BD /* Resources */,
			);
			buildRules = (
			);
			dependencies = (
			);
			name = "Earthquakes-ry";
			productName = "Earthquakes-ry";
			productReference = 5FB1FA27296F2ABD001591BD /* Earthquakes-ry.app */;
			productType = "com.apple.product-type.application";
		};
/* End PBXNativeTarget section */

/* Begin PBXProject section */
		5FB1FA1F296F2ABD001591BD /* Project object */ = {
			isa = PBXProject;
			attributes = {
				BuildIndependentTargetsInParallel = 1;
				LastSwiftUpdateCheck = 1420;
				LastUpgradeCheck = 1420;
				TargetAttributes = {
					5FB1FA26296F2ABD001591BD = {
						CreatedOnToolsVersion = 14.2;
					};
				};
			};
			buildConfigurationList = 5FB1FA22296F2ABD001591BD /* Build configuration list for PBXProject "Earthquakes-ry" */;
			compatibilityVersion = "Xcode 14.0";
			developmentRegion = en;
			hasScannedForEncodings = 0;
			knownRegions = (
				en,
				Base,
			);
			mainGroup = 5FB1FA1E296F2ABD001591BD;
			productRefGroup = 5FB1FA28296F2ABD001591BD /* Products */;
			projectDirPath = "";
			projectRoot = "";
			targets = (
				5FB1FA26296F2ABD001591BD /* Earthquakes-ry */,
			);
		};
/* End PBXProject section */

/* Begin PBXResourcesBuildPhase section */
		5FB1FA25296F2ABD001591BD /* Resources */ = {
			isa = PBXResourcesBuildPhase;
			buildActionMask = 2147483647;
			files = (
				5FB1FA32296F2ABE001591BD /* Preview Assets.xcassets in Resources */,
				5FB1FA2F296F2ABE001591BD /* Assets.xcassets in Resources */,
			);
			runOnlyForDeploymentPostprocessing = 0;
		};
/* End PBXResourcesBuildPhase section */

/* Begin PBXSourcesBuildPhase section */
		5FB1FA23296F2ABD001591BD /* Sources */ = {
			isa = PBXSourcesBuildPhase;
			buildActionMask = 2147483647;
			files = (
				5FB1FA3B296F3174001591BD /* EarthquakeModel.swift in Sources */,
				5FB1FA2D296F2ABD001591BD /* ContentView.swift in Sources */,
				5FBAD6A92971C1B200FE4430 /* EarthquakeList.swift in Sources */,
				5FB1FA39296F2CDD001591BD /* Earthquake.swift in Sources */,
				5FB1FA2B296F2ABD001591BD /* Earthquakes_ryApp.swift in Sources */,
				5FBAD6AB2971C7B500FE4430 /* EarthquakeMap.swift in Sources */,
			);
			runOnlyForDeploymentPostprocessing = 0;
		};
/* End PBXSourcesBuildPhase section */

/* Begin XCBuildConfiguration section */
		5FB1FA33296F2ABE001591BD /* Debug */ = {
			isa = XCBuildConfiguration;
			buildSettings = {
				ALWAYS_SEARCH_USER_PATHS = NO;
				CLANG_ANALYZER_NONNULL = YES;
				CLANG_ANALYZER_NUMBER_OBJECT_CONVERSION = YES_AGGRESSIVE;
				CLANG_CXX_LANGUAGE_STANDARD = "gnu++20";
				CLANG_ENABLE_MODULES = YES;
				CLANG_ENABLE_OBJC_ARC = YES;
				CLANG_ENABLE_OBJC_WEAK = YES;
				CLANG_WARN_BLOCK_CAPTURE_AUTORELEASING = YES;
				CLANG_WARN_BOOL_CONVERSION = YES;
				CLANG_WARN_COMMA = YES;
				CLANG_WARN_CONSTANT_CONVERSION = YES;
				CLANG_WARN_DEPRECATED_OBJC_IMPLEMENTATIONS = YES;
				CLANG_WARN_DIRECT_OBJC_ISA_USAGE = YES_ERROR;
				CLANG_WARN_DOCUMENTATION_COMMENTS = YES;
				CLANG_WARN_EMPTY_BODY = YES;
				CLANG_WARN_ENUM_CONVERSION = YES;
				CLANG_WARN_INFINITE_RECURSION = YES;
				CLANG_WARN_INT_CONVERSION = YES;
				CLANG_WARN_NON_LITERAL_NULL_CONVERSION = YES;
				CLANG_WARN_OBJC_IMPLICIT_RETAIN_SELF = YES;
				CLANG_WARN_OBJC_LITERAL_CONVERSION = YES;
				CLANG_WARN_OBJC_ROOT_CLASS = YES_ERROR;
				CLANG_WARN_QUOTED_INCLUDE_IN_FRAMEWORK_HEADER = YES;
				CLANG_WARN_RANGE_LOOP_ANALYSIS = YES;
				CLANG_WARN_STRICT_PROTOTYPES = YES;
				CLANG_WARN_SUSPICIOUS_MOVE = YES;
				CLANG_WARN_UNGUARDED_AVAILABILITY = YES_AGGRESSIVE;
				CLANG_WARN_UNREACHABLE_CODE = YES;
				CLANG_WARN__DUPLICATE_METHOD_MATCH = YES;
				COPY_PHASE_STRIP = NO;
				DEBUG_INFORMATION_FORMAT = dwarf;
				ENABLE_STRICT_OBJC_MSGSEND = YES;
				ENABLE_TESTABILITY = YES;
				GCC_C_LANGUAGE_STANDARD = gnu11;
				GCC_DYNAMIC_NO_PIC = NO;
				GCC_NO_COMMON_BLOCKS = YES;
				GCC_OPTIMIZATION_LEVEL = 0;
				GCC_PREPROCESSOR_DEFINITIONS = (
					"DEBUG=1",
					"$(inherited)",
				);
				GCC_WARN_64_TO_32_BIT_CONVERSION = YES;
				GCC_WARN_ABOUT_RETURN_TYPE = YES_ERROR;
				GCC_WARN_UNDECLARED_SELECTOR = YES;
				GCC_WARN_UNINITIALIZED_AUTOS = YES_AGGRESSIVE;
				GCC_WARN_UNUSED_FUNCTION = YES;
				GCC_WARN_UNUSED_VARIABLE = YES;
				IPHONEOS_DEPLOYMENT_TARGET = 16.2;
				MTL_ENABLE_DEBUG_INFO = INCLUDE_SOURCE;
				MTL_FAST_MATH = YES;
				ONLY_ACTIVE_ARCH = YES;
				SDKROOT = iphoneos;
				SWIFT_ACTIVE_COMPILATION_CONDITIONS = DEBUG;
				SWIFT_OPTIMIZATION_LEVEL = "-Onone";
			};
			name = Debug;
		};
		5FB1FA34296F2ABE001591BD /* Release */ = {
			isa = XCBuildConfiguration;
			buildSettings = {
				ALWAYS_SEARCH_USER_PATHS = NO;
				CLANG_ANALYZER_NONNULL = YES;
				CLANG_ANALYZER_NUMBER_OBJECT_CONVERSION = YES_AGGRESSIVE;
				CLANG_CXX_LANGUAGE_STANDARD = "gnu++20";
				CLANG_ENABLE_MODULES = YES;
				CLANG_ENABLE_OBJC_ARC = YES;
				CLANG_ENABLE_OBJC_WEAK = YES;
				CLANG_WARN_BLOCK_CAPTURE_AUTORELEASING = YES;
				CLANG_WARN_BOOL_CONVERSION = YES;
				CLANG_WARN_COMMA = YES;
				CLANG_WARN_CONSTANT_CONVERSION = YES;
				CLANG_WARN_DEPRECATED_OBJC_IMPLEMENTATIONS = YES;
				CLANG_WARN_DIRECT_OBJC_ISA_USAGE = YES_ERROR;
				CLANG_WARN_DOCUMENTATION_COMMENTS = YES;
				CLANG_WARN_EMPTY_BODY = YES;
				CLANG_WARN_ENUM_CONVERSION = YES;
				CLANG_WARN_INFINITE_RECURSION = YES;
				CLANG_WARN_INT_CONVERSION = YES;
				CLANG_WARN_NON_LITERAL_NULL_CONVERSION = YES;
				CLANG_WARN_OBJC_IMPLICIT_RETAIN_SELF = YES;
				CLANG_WARN_OBJC_LITERAL_CONVERSION = YES;
				CLANG_WARN_OBJC_ROOT_CLASS = YES_ERROR;
				CLANG_WARN_QUOTED_INCLUDE_IN_FRAMEWORK_HEADER = YES;
				CLANG_WARN_RANGE_LOOP_ANALYSIS = YES;
				CLANG_WARN_STRICT_PROTOTYPES = YES;
				CLANG_WARN_SUSPICIOUS_MOVE = YES;
				CLANG_WARN_UNGUARDED_AVAILABILITY = YES_AGGRESSIVE;
				CLANG_WARN_UNREACHABLE_CODE = YES;
				CLANG_WARN__DUPLICATE_METHOD_MATCH = YES;
				COPY_PHASE_STRIP = NO;
				DEBUG_INFORMATION_FORMAT = "dwarf-with-dsym";
				ENABLE_NS_ASSERTIONS = NO;
				ENABLE_STRICT_OBJC_MSGSEND = YES;
				GCC_C_LANGUAGE_STANDARD = gnu11;
				GCC_NO_COMMON_BLOCKS = YES;
				GCC_WARN_64_TO_32_BIT_CONVERSION = YES;
				GCC_WARN_ABOUT_RETURN_TYPE = YES_ERROR;
				GCC_WARN_UNDECLARED_SELECTOR = YES;
				GCC_WARN_UNINITIALIZED_AUTOS = YES_AGGRESSIVE;
				GCC_WARN_UNUSED_FUNCTION = YES;
				GCC_WARN_UNUSED_VARIABLE = YES;
				IPHONEOS_DEPLOYMENT_TARGET = 16.2;
				MTL_ENABLE_DEBUG_INFO = NO;
				MTL_FAST_MATH = YES;
				SDKROOT = iphoneos;
				SWIFT_COMPILATION_MODE = wholemodule;
				SWIFT_OPTIMIZATION_LEVEL = "-O";
				VALIDATE_PRODUCT = YES;
			};
			name = Release;
		};
		5FB1FA36296F2ABE001591BD /* Debug */ = {
			isa = XCBuildConfiguration;
			buildSettings = {
				ASSETCATALOG_COMPILER_APPICON_NAME = AppIcon;
				ASSETCATALOG_COMPILER_GLOBAL_ACCENT_COLOR_NAME = AccentColor;
				CODE_SIGN_STYLE = Automatic;
				CURRENT_PROJECT_VERSION = 1;
				DEVELOPMENT_ASSET_PATHS = "\"Earthquakes-ry/Preview Content\"";
				ENABLE_PREVIEWS = YES;
				GENERATE_INFOPLIST_FILE = YES;
				INFOPLIST_KEY_UIApplicationSceneManifest_Generation = YES;
				INFOPLIST_KEY_UIApplicationSupportsIndirectInputEvents = YES;
				INFOPLIST_KEY_UILaunchScreen_Generation = YES;
				INFOPLIST_KEY_UISupportedInterfaceOrientations_iPad = "UIInterfaceOrientationPortrait UIInterfaceOrientationPortraitUpsideDown UIInterfaceOrientationLandscapeLeft UIInterfaceOrientationLandscapeRight";
				INFOPLIST_KEY_UISupportedInterfaceOrientations_iPhone = "UIInterfaceOrientationPortrait UIInterfaceOrientationLandscapeLeft UIInterfaceOrientationLandscapeRight";
				LD_RUNPATH_SEARCH_PATHS = (
					"$(inherited)",
					"@executable_path/Frameworks",
				);
				MARKETING_VERSION = 1.0;
				PRODUCT_BUNDLE_IDENTIFIER = "XRDS.Earthquakes-ry";
				PRODUCT_NAME = "$(TARGET_NAME)";
				SWIFT_EMIT_LOC_STRINGS = YES;
				SWIFT_VERSION = 5.0;
				TARGETED_DEVICE_FAMILY = "1,2";
			};
			name = Debug;
		};
		5FB1FA37296F2ABE001591BD /* Release */ = {
			isa = XCBuildConfiguration;
			buildSettings = {
				ASSETCATALOG_COMPILER_APPICON_NAME = AppIcon;
				ASSETCATALOG_COMPILER_GLOBAL_ACCENT_COLOR_NAME = AccentColor;
				CODE_SIGN_STYLE = Automatic;
				CURRENT_PROJECT_VERSION = 1;
				DEVELOPMENT_ASSET_PATHS = "\"Earthquakes-ry/Preview Content\"";
				ENABLE_PREVIEWS = YES;
				GENERATE_INFOPLIST_FILE = YES;
				INFOPLIST_KEY_UIApplicationSceneManifest_Generation = YES;
				INFOPLIST_KEY_UIApplicationSupportsIndirectInputEvents = YES;
				INFOPLIST_KEY_UILaunchScreen_Generation = YES;
				INFOPLIST_KEY_UISupportedInterfaceOrientations_iPad = "UIInterfaceOrientationPortrait UIInterfaceOrientationPortraitUpsideDown UIInterfaceOrientationLandscapeLeft UIInterfaceOrientationLandscapeRight";
				INFOPLIST_KEY_UISupportedInterfaceOrientations_iPhone = "UIInterfaceOrientationPortrait UIInterfaceOrientationLandscapeLeft UIInterfaceOrientationLandscapeRight";
				LD_RUNPATH_SEARCH_PATHS = (
					"$(inherited)",
					"@executable_path/Frameworks",
				);
				MARKETING_VERSION = 1.0;
				PRODUCT_BUNDLE_IDENTIFIER = "XRDS.Earthquakes-ry";
				PRODUCT_NAME = "$(TARGET_NAME)";
				SWIFT_EMIT_LOC_STRINGS = YES;
				SWIFT_VERSION = 5.0;
				TARGETED_DEVICE_FAMILY = "1,2";
			};
			name = Release;
		};
/* End XCBuildConfiguration section */

/* Begin XCConfigurationList section */
		5FB1FA22296F2ABD001591BD /* Build configuration list for PBXProject "Earthquakes-ry" */ = {
			isa = XCConfigurationList;
			buildConfigurations = (
				5FB1FA33296F2ABE001591BD /* Debug */,
				5FB1FA34296F2ABE001591BD /* Release */,
			);
			defaultConfigurationIsVisible = 0;
			defaultConfigurationName = Release;
		};
		5FB1FA35296F2ABE001591BD /* Build configuration list for PBXNativeTarget "Earthquakes-ry" */ = {
			isa = XCConfigurationList;
			buildConfigurations = (
				5FB1FA36296F2ABE001591BD /* Debug */,
				5FB1FA37296F2ABE001591BD /* Release */,
			);
			defaultConfigurationIsVisible = 0;
			defaultConfigurationName = Release;
		};
/* End XCConfigurationList section */
	};
	rootObject = 5FB1FA1F296F2ABD001591BD /* Project object */;
}
